<Solution>
  <Configurations>
    <Platform Name="x64" />
    <Platform Name="x86" />
  </Configurations>
  <Folder Name="/Solution Items/">
    <File Path="CreateLabFolders.ps1" />
    <File Path="README.md" />
  </Folder>
  <Project Path="OrderProcessing/OrderProcessing.vcxproj" Id="e9818a83-0f3f-4b99-b322-57c5cdf0011b" />
</Solution>
